
Microsoft Visual Studio Solution File, Format Version 12.00
# Visual Studio Version 16
VisualStudioVersion = 16.0.31613.86
MinimumVisualStudioVersion = 10.0.40219.1
Project("{9A19103F-16F7-4668-BE54-9A1E7A4F7556}") = "CubeCollision.Application", "CubeCollision.Application\CubeCollision.Application.csproj", "{98CFEB44-7856-4A46-B4D2-E4D82CADAADA}"
EndProject
Project("{9A19103F-16F7-4668-BE54-9A1E7A4F7556}") = "CubeCollision.Domain", "CubeCollision.Domain\CubeCollision.Domain.csproj", "{EA591A0F-D156-462F-AF60-97995421D172}"
EndProject
Project("{FAE04EC0-301F-11D3-BF4B-00C04F79EFBC}") = "CubeCollision.Domain.Tests", "CubeCollision.Domain.Tests\CubeCollision.Domain.Tests.csproj", "{0E4E5244-E857-4F1C-BF38-868328B3CCC8}"
EndProject
Project("{FAE04EC0-301F-11D3-BF4B-00C04F79EFBC}") = "CubeCollision.API", "CubeCollision.API\CubeCollision.API.csproj", "{F15F7744-05F0-420B-B64B-96D1E627611C}"
EndProject
Project("{FAE04EC0-301F-11D3-BF4B-00C04F79EFBC}") = "CubeCollision.Infrastructure", "CubeCollision.Infrastructure\CubeCollision.Infrastructure.csproj", "{2EC00377-ED5E-4956-BE13-6D5BC457E5F0}"
EndProject
Global
	GlobalSection(SolutionConfigurationPlatforms) = preSolution
		Debug|Any CPU = Debug|Any CPU
		Release|Any CPU = Release|Any CPU
	EndGlobalSection
	GlobalSection(ProjectConfigurationPlatforms) = postSolution
		{98CFEB44-7856-4A46-B4D2-E4D82CADAADA}.Debug|Any CPU.ActiveCfg = Debug|Any CPU
		{98CFEB44-7856-4A46-B4D2-E4D82CADAADA}.Debug|Any CPU.Build.0 = Debug|Any CPU
		{98CFEB44-7856-4A46-B4D2-E4D82CADAADA}.Release|Any CPU.ActiveCfg = Release|Any CPU
		{98CFEB44-7856-4A46-B4D2-E4D82CADAADA}.Release|Any CPU.Build.0 = Release|Any CPU
		{EA591A0F-D156-462F-AF60-97995421D172}.Debug|Any CPU.ActiveCfg = Debug|Any CPU
		{EA591A0F-D156-462F-AF60-97995421D172}.Debug|Any CPU.Build.0 = Debug|Any CPU
		{EA591A0F-D156-462F-AF60-97995421D172}.Release|Any CPU.ActiveCfg = Release|Any CPU
		{EA591A0F-D156-462F-AF60-97995421D172}.Release|Any CPU.Build.0 = Release|Any CPU
		{0E4E5244-E857-4F1C-BF38-868328B3CCC8}.Debug|Any CPU.ActiveCfg = Debug|Any CPU
		{0E4E5244-E857-4F1C-BF38-868328B3CCC8}.Debug|Any CPU.Build.0 = Debug|Any CPU
		{0E4E5244-E857-4F1C-BF38-868328B3CCC8}.Release|Any CPU.ActiveCfg = Release|Any CPU
		{0E4E5244-E857-4F1C-BF38-868328B3CCC8}.Release|Any CPU.Build.0 = Release|Any CPU
		{F15F7744-05F0-420B-B64B-96D1E627611C}.Debug|Any CPU.ActiveCfg = Debug|Any CPU
		{F15F7744-05F0-420B-B64B-96D1E627611C}.Debug|Any CPU.Build.0 = Debug|Any CPU
		{F15F7744-05F0-420B-B64B-96D1E627611C}.Release|Any CPU.ActiveCfg = Release|Any CPU
		{F15F7744-05F0-420B-B64B-96D1E627611C}.Release|Any CPU.Build.0 = Release|Any CPU
		{2EC00377-ED5E-4956-BE13-6D5BC457E5F0}.Debug|Any CPU.ActiveCfg = Debug|Any CPU
		{2EC00377-ED5E-4956-BE13-6D5BC457E5F0}.Debug|Any CPU.Build.0 = Debug|Any CPU
		{2EC00377-ED5E-4956-BE13-6D5BC457E5F0}.Release|Any CPU.ActiveCfg = Release|Any CPU
		{2EC00377-ED5E-4956-BE13-6D5BC457E5F0}.Release|Any CPU.Build.0 = Release|Any CPU
	EndGlobalSection
	GlobalSection(SolutionProperties) = preSolution
		HideSolutionNode = FALSE
	EndGlobalSection
	GlobalSection(ExtensibilityGlobals) = postSolution
		SolutionGuid = {A720932D-5AF3-410D-8BE0-D606B82CED3D}
	EndGlobalSection
EndGlobal
